
Microsoft Visual Studio Solution File, Format Version 12.00
# Visual Studio 15
VisualStudioVersion = 15.0.28307.1684
MinimumVisualStudioVersion = 10.0.40219.1
Project("{8BC9CEB8-8B4A-11D0-8D11-00A0C91BC942}") = "p13", "p13\p13.vcxproj", "{58011437-B215-4F3C-AE55-0C557155ED2B}"
EndProject
Global
	GlobalSection(SolutionConfigurationPlatforms) = preSolution
		Debug|x64 = Debug|x64
		Debug|x86 = Debug|x86
		Release|x64 = Release|x64
		Release|x86 = Release|x86
	EndGlobalSection
	GlobalSection(ProjectConfigurationPlatforms) = postSolution
		{58011437-B215-4F3C-AE55-0C557155ED2B}.Debug|x64.ActiveCfg = Debug|x64
		{58011437-B215-4F3C-AE55-0C557155ED2B}.Debug|x64.Build.0 = Debug|x64
		{58011437-B215-4F3C-AE55-0C557155ED2B}.Debug|x86.ActiveCfg = Debug|Win32
		{58011437-B215-4F3C-AE55-0C557155ED2B}.Debug|x86.Build.0 = Debug|Win32
		{58011437-B215-4F3C-AE55-0C557155ED2B}.Release|x64.ActiveCfg = Release|x64
		{58011437-B215-4F3C-AE55-0C557155ED2B}.Release|x64.Build.0 = Release|x64
		{58011437-B215-4F3C-AE55-0C557155ED2B}.Release|x86.ActiveCfg = Release|Win32
		{58011437-B215-4F3C-AE55-0C557155ED2B}.Release|x86.Build.0 = Release|Win32
	EndGlobalSection
	GlobalSection(SolutionProperties) = preSolution
		HideSolutionNode = FALSE
	EndGlobalSection
	GlobalSection(ExtensibilityGlobals) = postSolution
		SolutionGuid = {73C1F3A9-F1F0-4F87-A5E1-839956D8BCED}
	EndGlobalSection
EndGlobal
